
Microsoft Visual Studio Solution File, Format Version 12.00
# Visual Studio Version 17
VisualStudioVersion = 17.1.32421.90
MinimumVisualStudioVersion = 10.0.40219.1
Project("{8BC9CEB8-8B4A-11D0-8D11-00A0C91BC942}") = "skunkware", "skunkware\skunkware.vcxproj", "{F9319F60-D5D0-4F86-AEB4-E25A15C45F3C}"
EndProject
Global
	GlobalSection(SolutionConfigurationPlatforms) = preSolution
		Debug|x64 = Debug|x64
		Debug|x86 = Debug|x86
		Release|x64 = Release|x64
		Release|x86 = Release|x86
	EndGlobalSection
	GlobalSection(ProjectConfigurationPlatforms) = postSolution
		{F9319F60-D5D0-4F86-AEB4-E25A15C45F3C}.Debug|x64.ActiveCfg = Debug|x64
		{F9319F60-D5D0-4F86-AEB4-E25A15C45F3C}.Debug|x64.Build.0 = Debug|x64
		{F9319F60-D5D0-4F86-AEB4-E25A15C45F3C}.Debug|x86.ActiveCfg = Debug|Win32
		{F9319F60-D5D0-4F86-AEB4-E25A15C45F3C}.Debug|x86.Build.0 = Debug|Win32
		{F9319F60-D5D0-4F86-AEB4-E25A15C45F3C}.Release|x64.ActiveCfg = Release|x64
		{F9319F60-D5D0-4F86-AEB4-E25A15C45F3C}.Release|x64.Build.0 = Release|x64
		{F9319F60-D5D0-4F86-AEB4-E25A15C45F3C}.Release|x86.ActiveCfg = Release|Win32
		{F9319F60-D5D0-4F86-AEB4-E25A15C45F3C}.Release|x86.Build.0 = Release|Win32
	EndGlobalSection
	GlobalSection(SolutionProperties) = preSolution
		HideSolutionNode = FALSE
	EndGlobalSection
	GlobalSection(ExtensibilityGlobals) = postSolution
		SolutionGuid = {DA4C3786-EE86-461C-B963-3B7D1E637143}
	EndGlobalSection
EndGlobal
