<?xml version="1.0" encoding="utf-8"?>
<Project ToolsVersion="4.0" xmlns="http://schemas.microsoft.com/developer/msbuild/2003">
  <ItemGroup>
    <Filter Include="Source Files">
      <UniqueIdentifier>{4FC737F1-C7A5-4376-A066-2A32D752A2FF}</UniqueIdentifier>
      <Extensions>cpp;c;cc;cxx;c++;cppm;ixx;def;odl;idl;hpj;bat;asm;asmx</Extensions>
    </Filter>
    <Filter Include="Header Files">
      <UniqueIdentifier>{93995380-89BD-4b04-88EB-625FBE52EBFB}</UniqueIdentifier>
      <Extensions>h;hh;hpp;hxx;h++;hm;inl;inc;ipp;xsd</Extensions>
    </Filter>
    <Filter Include="Resource Files">
      <UniqueIdentifier>{67DA6AB6-F800-4c08-8B7A-83BB121AAD01}</UniqueIdentifier>
      <Extensions>rc;ico;cur;bmp;dlg;rc2;rct;bin;rgs;gif;jpg;jpeg;jpe;resx;tiff;tif;png;wav;mfcribbon-ms</Extensions>
    </Filter>
  </ItemGroup>
  <ItemGroup>
    <ClCompile Include="dllmain.cpp">
      <Filter>Source Files</Filter>
    </ClCompile>
    <ClCompile Include="source-sdk\math\vector3d.cpp">
      <Filter>Source Files</Filter>
    </ClCompile>
    <ClCompile Include="source-sdk\math\view_matrix.cpp">
      <Filter>Source Files</Filter>
    </ClCompile>
    <ClCompile Include="core\menu\menu.cpp">
      <Filter>Source Files</Filter>
    </ClCompile>
    <ClCompile Include="core\menu\font\font.cpp">
      <Filter>Source Files</Filter>
    </ClCompile>
    <ClCompile Include="hooks.cpp">
      <Filter>Source Files</Filter>
    </ClCompile>
    <ClCompile Include="dependencies\utilities\csgo.cpp">
      <Filter>Source Files</Filter>
    </ClCompile>
    <ClCompile Include="dependencies\utilities\utilities.cpp">
      <Filter>Source Files</Filter>
    </ClCompile>
    <ClCompile Include="dependencies\utilities\renderer\renderer.cpp">
      <Filter>Source Files</Filter>
    </ClCompile>
    <ClCompile Include="dependencies\utilities\netvars\netvars.cpp">
      <Filter>Source Files</Filter>
    </ClCompile>
    <ClCompile Include="dependencies\utilities\console\console.cpp">
      <Filter>Source Files</Filter>
    </ClCompile>
    <ClCompile Include="dependencies\minhook\hde\hde32.c">
      <Filter>Source Files</Filter>
    </ClCompile>
    <ClCompile Include="dependencies\minhook\hde\hde64.c">
      <Filter>Source Files</Filter>
    </ClCompile>
    <ClCompile Include="dependencies\minhook\buffer.c">
      <Filter>Source Files</Filter>
    </ClCompile>
    <ClCompile Include="dependencies\minhook\hook.c">
      <Filter>Source Files</Filter>
    </ClCompile>
    <ClCompile Include="dependencies\minhook\trampoline.c">
      <Filter>Source Files</Filter>
    </ClCompile>
    <ClCompile Include="dependencies\interfaces\interfaces.cpp">
      <Filter>Source Files</Filter>
    </ClCompile>
    <ClCompile Include="dependencies\math\math.cpp">
      <Filter>Source Files</Filter>
    </ClCompile>
    <ClCompile Include="dependencies\utilities\netvars\newnetvars.cpp">
      <Filter>Source Files</Filter>
    </ClCompile>
    <ClCompile Include="core\menu\imgui\imgui.cpp">
      <Filter>Source Files</Filter>
    </ClCompile>
    <ClCompile Include="core\menu\imgui\imgui_demo.cpp">
      <Filter>Source Files</Filter>
    </ClCompile>
    <ClCompile Include="core\menu\imgui\imgui_draw.cpp">
      <Filter>Source Files</Filter>
    </ClCompile>
    <ClCompile Include="core\menu\imgui\imgui_impl_dx9.cpp">
      <Filter>Source Files</Filter>
    </ClCompile>
    <ClCompile Include="core\menu\imgui\imgui_impl_win32.cpp">
      <Filter>Source Files</Filter>
    </ClCompile>
    <ClCompile Include="core\menu\imgui\imgui_tables.cpp">
      <Filter>Source Files</Filter>
    </ClCompile>
    <ClCompile Include="core\menu\imgui\imgui_widgets.cpp">
      <Filter>Source Files</Filter>
    </ClCompile>
    <ClCompile Include="core\features\visuals\chams.cpp">
      <Filter>Source Files</Filter>
    </ClCompile>
    <ClCompile Include="core\menu\imgui\imgui_stdlib.cpp">
      <Filter>Source Files</Filter>
    </ClCompile>
    <ClCompile Include="core\menu\imgui\fonts\binary_to_compressed_c.cpp">
      <Filter>Source Files</Filter>
    </ClCompile>
    <ClCompile Include="core\menu\etc_elements.cpp">
      <Filter>Source Files</Filter>
    </ClCompile>
    <ClCompile Include="core\menu\nav_elements.cpp">
      <Filter>Source Files</Filter>
    </ClCompile>
    <ClCompile Include="core\features\skins.cpp">
      <Filter>Source Files</Filter>
    </ClCompile>
    <ClCompile Include="core\features\visuals\esp.cpp">
      <Filter>Source Files</Filter>
    </ClCompile>
    <ClCompile Include="core\features\visuals\glow.cpp">
      <Filter>Source Files</Filter>
    </ClCompile>
    <ClCompile Include="core\features\legit.cpp">
      <Filter>Source Files</Filter>
    </ClCompile>
  </ItemGroup>
  <ItemGroup>
    <ClInclude Include="d3d9\Include\audiodefs.h">
      <Filter>Header Files</Filter>
    </ClInclude>
    <ClInclude Include="d3d9\Include\comdecl.h">
      <Filter>Header Files</Filter>
    </ClInclude>
    <ClInclude Include="d3d9\Include\D2D1.h">
      <Filter>Header Files</Filter>
    </ClInclude>
    <ClInclude Include="d3d9\Include\D2D1Helper.h">
      <Filter>Header Files</Filter>
    </ClInclude>
    <ClInclude Include="d3d9\Include\D2DBaseTypes.h">
      <Filter>Header Files</Filter>
    </ClInclude>
    <ClInclude Include="d3d9\Include\D2Derr.h">
      <Filter>Header Files</Filter>
    </ClInclude>
    <ClInclude Include="d3d9\Include\d3d9.h">
      <Filter>Header Files</Filter>
    </ClInclude>
    <ClInclude Include="d3d9\Include\d3d9caps.h">
      <Filter>Header Files</Filter>
    </ClInclude>
    <ClInclude Include="d3d9\Include\d3d9types.h">
      <Filter>Header Files</Filter>
    </ClInclude>
    <ClInclude Include="d3d9\Include\D3D10.h">
      <Filter>Header Files</Filter>
    </ClInclude>
    <ClInclude Include="d3d9\Include\D3D10_1.h">
      <Filter>Header Files</Filter>
    </ClInclude>
    <ClInclude Include="d3d9\Include\D3D10_1shader.h">
      <Filter>Header Files</Filter>
    </ClInclude>
    <ClInclude Include="d3d9\Include\D3D10effect.h">
      <Filter>Header Files</Filter>
    </ClInclude>
    <ClInclude Include="d3d9\Include\d3d10misc.h">
      <Filter>Header Files</Filter>
    </ClInclude>
    <ClInclude Include="d3d9\Include\d3d10sdklayers.h">
      <Filter>Header Files</Filter>
    </ClInclude>
    <ClInclude Include="d3d9\Include\D3D10shader.h">
      <Filter>Header Files</Filter>
    </ClInclude>
    <ClInclude Include="d3d9\Include\D3D11.h">
      <Filter>Header Files</Filter>
    </ClInclude>
    <ClInclude Include="d3d9\Include\D3D11SDKLayers.h">
      <Filter>Header Files</Filter>
    </ClInclude>
    <ClInclude Include="d3d9\Include\D3D11Shader.h">
      <Filter>Header Files</Filter>
    </ClInclude>
    <ClInclude Include="d3d9\Include\D3Dcommon.h">
      <Filter>Header Files</Filter>
    </ClInclude>
    <ClInclude Include="d3d9\Include\D3Dcompiler.h">
      <Filter>Header Files</Filter>
    </ClInclude>
    <ClInclude Include="d3d9\Include\D3DCSX.h">
      <Filter>Header Files</Filter>
    </ClInclude>
    <ClInclude Include="d3d9\Include\d3dx9.h">
      <Filter>Header Files</Filter>
    </ClInclude>
    <ClInclude Include="d3d9\Include\d3dx9anim.h">
      <Filter>Header Files</Filter>
    </ClInclude>
    <ClInclude Include="d3d9\Include\d3dx9core.h">
      <Filter>Header Files</Filter>
    </ClInclude>
    <ClInclude Include="d3d9\Include\d3dx9effect.h">
      <Filter>Header Files</Filter>
    </ClInclude>
    <ClInclude Include="d3d9\Include\d3dx9math.h">
      <Filter>Header Files</Filter>
    </ClInclude>
    <ClInclude Include="d3d9\Include\d3dx9mesh.h">
      <Filter>Header Files</Filter>
    </ClInclude>
    <ClInclude Include="d3d9\Include\d3dx9shader.h">
      <Filter>Header Files</Filter>
    </ClInclude>
    <ClInclude Include="d3d9\Include\d3dx9shape.h">
      <Filter>Header Files</Filter>
    </ClInclude>
    <ClInclude Include="d3d9\Include\d3dx9tex.h">
      <Filter>Header Files</Filter>
    </ClInclude>
    <ClInclude Include="d3d9\Include\d3dx9xof.h">
      <Filter>Header Files</Filter>
    </ClInclude>
    <ClInclude Include="d3d9\Include\D3DX10.h">
      <Filter>Header Files</Filter>
    </ClInclude>
    <ClInclude Include="d3d9\Include\d3dx10async.h">
      <Filter>Header Files</Filter>
    </ClInclude>
    <ClInclude Include="d3d9\Include\D3DX10core.h">
      <Filter>Header Files</Filter>
    </ClInclude>
    <ClInclude Include="d3d9\Include\D3DX10math.h">
      <Filter>Header Files</Filter>
    </ClInclude>
    <ClInclude Include="d3d9\Include\D3DX10mesh.h">
      <Filter>Header Files</Filter>
    </ClInclude>
    <ClInclude Include="d3d9\Include\D3DX10tex.h">
      <Filter>Header Files</Filter>
    </ClInclude>
    <ClInclude Include="d3d9\Include\D3DX11.h">
      <Filter>Header Files</Filter>
    </ClInclude>
    <ClInclude Include="d3d9\Include\D3DX11async.h">
      <Filter>Header Files</Filter>
    </ClInclude>
    <ClInclude Include="d3d9\Include\D3DX11core.h">
      <Filter>Header Files</Filter>
    </ClInclude>
    <ClInclude Include="d3d9\Include\D3DX11tex.h">
      <Filter>Header Files</Filter>
    </ClInclude>
    <ClInclude Include="d3d9\Include\Dcommon.h">
      <Filter>Header Files</Filter>
    </ClInclude>
    <ClInclude Include="d3d9\Include\dinput.h">
      <Filter>Header Files</Filter>
    </ClInclude>
    <ClInclude Include="d3d9\Include\dinputd.h">
      <Filter>Header Files</Filter>
    </ClInclude>
    <ClInclude Include="d3d9\Include\dsconf.h">
      <Filter>Header Files</Filter>
    </ClInclude>
    <ClInclude Include="d3d9\Include\dsetup.h">
      <Filter>Header Files</Filter>
    </ClInclude>
    <ClInclude Include="d3d9\Include\dsound.h">
      <Filter>Header Files</Filter>
    </ClInclude>
    <ClInclude Include="d3d9\Include\DWrite.h">
      <Filter>Header Files</Filter>
    </ClInclude>
    <ClInclude Include="d3d9\Include\dxdiag.h">
      <Filter>Header Files</Filter>
    </ClInclude>
    <ClInclude Include="d3d9\Include\DxErr.h">
      <Filter>Header Files</Filter>
    </ClInclude>
    <ClInclude Include="d3d9\Include\dxfile.h">
      <Filter>Header Files</Filter>
    </ClInclude>
    <ClInclude Include="d3d9\Include\DXGI.h">
      <Filter>Header Files</Filter>
    </ClInclude>
    <ClInclude Include="d3d9\Include\DXGIFormat.h">
      <Filter>Header Files</Filter>
    </ClInclude>
    <ClInclude Include="d3d9\Include\DXGIType.h">
      <Filter>Header Files</Filter>
    </ClInclude>
    <ClInclude Include="d3d9\Include\dxsdkver.h">
      <Filter>Header Files</Filter>
    </ClInclude>
    <ClInclude Include="d3d9\Include\gameux.h">
      <Filter>Header Files</Filter>
    </ClInclude>
    <ClInclude Include="d3d9\Include\PIXPlugin.h">
      <Filter>Header Files</Filter>
    </ClInclude>
    <ClInclude Include="d3d9\Include\rmxfguid.h">
      <Filter>Header Files</Filter>
    </ClInclude>
    <ClInclude Include="d3d9\Include\rmxftmpl.h">
      <Filter>Header Files</Filter>
    </ClInclude>
    <ClInclude Include="d3d9\Include\rpcsal.h">
      <Filter>Header Files</Filter>
    </ClInclude>
    <ClInclude Include="d3d9\Include\X3DAudio.h">
      <Filter>Header Files</Filter>
    </ClInclude>
    <ClInclude Include="d3d9\Include\xact3.h">
      <Filter>Header Files</Filter>
    </ClInclude>
    <ClInclude Include="d3d9\Include\xact3d3.h">
      <Filter>Header Files</Filter>
    </ClInclude>
    <ClInclude Include="d3d9\Include\xact3wb.h">
      <Filter>Header Files</Filter>
    </ClInclude>
    <ClInclude Include="d3d9\Include\XAPO.h">
      <Filter>Header Files</Filter>
    </ClInclude>
    <ClInclude Include="d3d9\Include\XAPOBase.h">
      <Filter>Header Files</Filter>
    </ClInclude>
    <ClInclude Include="d3d9\Include\XAPOFX.h">
      <Filter>Header Files</Filter>
    </ClInclude>
    <ClInclude Include="d3d9\Include\XAudio2.h">
      <Filter>Header Files</Filter>
    </ClInclude>
    <ClInclude Include="d3d9\Include\XAudio2fx.h">
      <Filter>Header Files</Filter>
    </ClInclude>
    <ClInclude Include="d3d9\Include\XDSP.h">
      <Filter>Header Files</Filter>
    </ClInclude>
    <ClInclude Include="d3d9\Include\XInput.h">
      <Filter>Header Files</Filter>
    </ClInclude>
    <ClInclude Include="d3d9\Include\xma2defs.h">
      <Filter>Header Files</Filter>
    </ClInclude>
    <ClInclude Include="d3d9\Include\xnamath.h">
      <Filter>Header Files</Filter>
    </ClInclude>
    <ClInclude Include="source-sdk\math\utl_vector.hpp">
      <Filter>Header Files</Filter>
    </ClInclude>
    <ClInclude Include="source-sdk\math\vector2d.hpp">
      <Filter>Header Files</Filter>
    </ClInclude>
    <ClInclude Include="source-sdk\math\vector3d.hpp">
      <Filter>Header Files</Filter>
    </ClInclude>
    <ClInclude Include="source-sdk\math\view_matrix.hpp">
      <Filter>Header Files</Filter>
    </ClInclude>
    <ClInclude Include="source-sdk\classes\c_usercmd.hpp">
      <Filter>Header Files</Filter>
    </ClInclude>
    <ClInclude Include="source-sdk\classes\client_class.hpp">
      <Filter>Header Files</Filter>
    </ClInclude>
    <ClInclude Include="source-sdk\classes\collideable.hpp">
      <Filter>Header Files</Filter>
    </ClInclude>
    <ClInclude Include="source-sdk\classes\convar.hpp">
      <Filter>Header Files</Filter>
    </ClInclude>
    <ClInclude Include="source-sdk\classes\entities.hpp">
      <Filter>Header Files</Filter>
    </ClInclude>
    <ClInclude Include="source-sdk\classes\net_channel.hpp">
      <Filter>Header Files</Filter>
    </ClInclude>
    <ClInclude Include="source-sdk\classes\recv_props.hpp">
      <Filter>Header Files</Filter>
    </ClInclude>
    <ClInclude Include="source-sdk\classes\studio.hpp">
      <Filter>Header Files</Filter>
    </ClInclude>
    <ClInclude Include="source-sdk\classes\view_setup.h">
      <Filter>Header Files</Filter>
    </ClInclude>
    <ClInclude Include="source-sdk\misc\color.hpp">
      <Filter>Header Files</Filter>
    </ClInclude>
    <ClInclude Include="source-sdk\structs\animstate.hpp">
      <Filter>Header Files</Filter>
    </ClInclude>
    <ClInclude Include="source-sdk\structs\dlight.hpp">
      <Filter>Header Files</Filter>
    </ClInclude>
    <ClInclude Include="source-sdk\structs\materials.hpp">
      <Filter>Header Files</Filter>
    </ClInclude>
    <ClInclude Include="source-sdk\structs\models.hpp">
      <Filter>Header Files</Filter>
    </ClInclude>
    <ClInclude Include="source-sdk\structs\vertex_t.hpp">
      <Filter>Header Files</Filter>
    </ClInclude>
    <ClInclude Include="source-sdk\structs\weaponinfo.hpp">
      <Filter>Header Files</Filter>
    </ClInclude>
    <ClInclude Include="source-sdk\sdk.hpp">
      <Filter>Header Files</Filter>
    </ClInclude>
    <ClInclude Include="core\menu\menu.hpp">
      <Filter>Header Files</Filter>
    </ClInclude>
    <ClInclude Include="core\menu\font\font.hpp">
      <Filter>Header Files</Filter>
    </ClInclude>
    <ClInclude Include="hooks.hpp">
      <Filter>Header Files</Filter>
    </ClInclude>
    <ClInclude Include="dependencies\utilities\utilities.hpp">
      <Filter>Header Files</Filter>
    </ClInclude>
    <ClInclude Include="dependencies\utilities\csgo.hpp">
      <Filter>Header Files</Filter>
    </ClInclude>
    <ClInclude Include="dependencies\utilities\fnv.hpp">
      <Filter>Header Files</Filter>
    </ClInclude>
    <ClInclude Include="dependencies\utilities\singleton.hpp">
      <Filter>Header Files</Filter>
    </ClInclude>
    <ClInclude Include="dependencies\utilities\renderer\renderer.hpp">
      <Filter>Header Files</Filter>
    </ClInclude>
    <ClInclude Include="dependencies\utilities\netvars\netvars.hpp">
      <Filter>Header Files</Filter>
    </ClInclude>
    <ClInclude Include="dependencies\utilities\console\console.hpp">
      <Filter>Header Files</Filter>
    </ClInclude>
    <ClInclude Include="dependencies\minhook\trampoline.h">
      <Filter>Header Files</Filter>
    </ClInclude>
    <ClInclude Include="dependencies\minhook\hde\hde32.h">
      <Filter>Header Files</Filter>
    </ClInclude>
    <ClInclude Include="dependencies\minhook\hde\hde64.h">
      <Filter>Header Files</Filter>
    </ClInclude>
    <ClInclude Include="dependencies\minhook\hde\pstdint.h">
      <Filter>Header Files</Filter>
    </ClInclude>
    <ClInclude Include="dependencies\minhook\hde\table32.h">
      <Filter>Header Files</Filter>
    </ClInclude>
    <ClInclude Include="dependencies\minhook\hde\table64.h">
      <Filter>Header Files</Filter>
    </ClInclude>
    <ClInclude Include="dependencies\minhook\buffer.h">
      <Filter>Header Files</Filter>
    </ClInclude>
    <ClInclude Include="dependencies\minhook\minhook.h">
      <Filter>Header Files</Filter>
    </ClInclude>
    <ClInclude Include="dependencies\interfaces\c_global_vars_base.hpp">
      <Filter>Header Files</Filter>
    </ClInclude>
    <ClInclude Include="dependencies\interfaces\glow_manager.hpp">
      <Filter>Header Files</Filter>
    </ClInclude>
    <ClInclude Include="dependencies\interfaces\i_app_system.hpp">
      <Filter>Header Files</Filter>
    </ClInclude>
    <ClInclude Include="dependencies\interfaces\i_base_client_dll.hpp">
      <Filter>Header Files</Filter>
    </ClInclude>
    <ClInclude Include="dependencies\interfaces\i_client_entity_list.hpp">
      <Filter>Header Files</Filter>
    </ClInclude>
    <ClInclude Include="dependencies\interfaces\i_client_state.hpp">
      <Filter>Header Files</Filter>
    </ClInclude>
    <ClInclude Include="dependencies\interfaces\i_console.hpp">
      <Filter>Header Files</Filter>
    </ClInclude>
    <ClInclude Include="dependencies\interfaces\i_game_event_manager.hpp">
      <Filter>Header Files</Filter>
    </ClInclude>
    <ClInclude Include="dependencies\interfaces\i_input.hpp">
      <Filter>Header Files</Filter>
    </ClInclude>
    <ClInclude Include="dependencies\interfaces\i_input_system.hpp">
      <Filter>Header Files</Filter>
    </ClInclude>
    <ClInclude Include="dependencies\interfaces\i_localize.hpp">
      <Filter>Header Files</Filter>
    </ClInclude>
    <ClInclude Include="dependencies\interfaces\i_material_system.hpp">
      <Filter>Header Files</Filter>
    </ClInclude>
    <ClInclude Include="dependencies\interfaces\i_panel.hpp">
      <Filter>Header Files</Filter>
    </ClInclude>
    <ClInclude Include="dependencies\interfaces\i_physics_surface.h">
      <Filter>Header Files</Filter>
    </ClInclude>
    <ClInclude Include="dependencies\interfaces\i_player_movement.hpp">
      <Filter>Header Files</Filter>
    </ClInclude>
    <ClInclude Include="dependencies\interfaces\i_render_view.hpp">
      <Filter>Header Files</Filter>
    </ClInclude>
    <ClInclude Include="dependencies\interfaces\i_surface.hpp">
      <Filter>Header Files</Filter>
    </ClInclude>
    <ClInclude Include="dependencies\interfaces\i_trace.hpp">
      <Filter>Header Files</Filter>
    </ClInclude>
    <ClInclude Include="dependencies\interfaces\i_weapon_system.hpp">
      <Filter>Header Files</Filter>
    </ClInclude>
    <ClInclude Include="dependencies\interfaces\imageformats.h">
      <Filter>Header Files</Filter>
    </ClInclude>
    <ClInclude Include="dependencies\interfaces\interfaces.hpp">
      <Filter>Header Files</Filter>
    </ClInclude>
    <ClInclude Include="dependencies\interfaces\iv_debug_overlay.hpp">
      <Filter>Header Files</Filter>
    </ClInclude>
    <ClInclude Include="dependencies\interfaces\iv_effects.hpp">
      <Filter>Header Files</Filter>
    </ClInclude>
    <ClInclude Include="dependencies\interfaces\iv_engine_client.hpp">
      <Filter>Header Files</Filter>
    </ClInclude>
    <ClInclude Include="dependencies\interfaces\iv_model_info.hpp">
      <Filter>Header Files</Filter>
    </ClInclude>
    <ClInclude Include="dependencies\interfaces\iv_model_render.hpp">
      <Filter>Header Files</Filter>
    </ClInclude>
    <ClInclude Include="dependencies\interfaces\iv_render_beams.hpp">
      <Filter>Header Files</Filter>
    </ClInclude>
    <ClInclude Include="dependencies\math\math.hpp">
      <Filter>Header Files</Filter>
    </ClInclude>
    <ClInclude Include="core\config\config.hpp">
      <Filter>Header Files</Filter>
    </ClInclude>
    <ClInclude Include="dependencies\utilities\netvars\newnetvars.hpp">
      <Filter>Header Files</Filter>
    </ClInclude>
    <ClInclude Include="core\features\visuals\chams.hpp">
      <Filter>Header Files</Filter>
    </ClInclude>
    <ClInclude Include="dependencies\interfaces\i_studio_render.hpp">
      <Filter>Header Files</Filter>
    </ClInclude>
    <ClInclude Include="core\imgui3\imconfig.h">
      <Filter>Header Files</Filter>
    </ClInclude>
    <ClInclude Include="core\imgui3\imgui.h">
      <Filter>Header Files</Filter>
    </ClInclude>
    <ClInclude Include="core\imgui3\imgui_impl_dx9.h">
      <Filter>Header Files</Filter>
    </ClInclude>
    <ClInclude Include="core\imgui3\imgui_impl_win32.h">
      <Filter>Header Files</Filter>
    </ClInclude>
    <ClInclude Include="core\imgui3\imgui_internal.h">
      <Filter>Header Files</Filter>
    </ClInclude>
    <ClInclude Include="core\imgui3\imstb_rectpack.h">
      <Filter>Header Files</Filter>
    </ClInclude>
    <ClInclude Include="core\imgui3\imstb_textedit.h">
      <Filter>Header Files</Filter>
    </ClInclude>
    <ClInclude Include="core\imgui3\imstb_truetype.h">
      <Filter>Header Files</Filter>
    </ClInclude>
    <ClInclude Include="core\menu\imgui\imstb_truetype.h">
      <Filter>Header Files</Filter>
    </ClInclude>
    <ClInclude Include="core\menu\imgui\imconfig.h">
      <Filter>Header Files</Filter>
    </ClInclude>
    <ClInclude Include="core\menu\imgui\imgui.h">
      <Filter>Header Files</Filter>
    </ClInclude>
    <ClInclude Include="core\menu\imgui\imgui_impl_dx9.h">
      <Filter>Header Files</Filter>
    </ClInclude>
    <ClInclude Include="core\menu\imgui\imgui_impl_win32.h">
      <Filter>Header Files</Filter>
    </ClInclude>
    <ClInclude Include="core\menu\imgui\imgui_internal.h">
      <Filter>Header Files</Filter>
    </ClInclude>
    <ClInclude Include="core\menu\imgui\imstb_rectpack.h">
      <Filter>Header Files</Filter>
    </ClInclude>
    <ClInclude Include="core\menu\imgui\imstb_textedit.h">
      <Filter>Header Files</Filter>
    </ClInclude>
    <ClInclude Include="core\menu\imgui\imgui_stdlib.h">
      <Filter>Header Files</Filter>
    </ClInclude>
    <ClInclude Include="core\menu\byte_array.hpp">
      <Filter>Header Files</Filter>
    </ClInclude>
    <ClInclude Include="core\menu\etc_elements.hpp">
      <Filter>Header Files</Filter>
    </ClInclude>
    <ClInclude Include="core\menu\nav_elements.hpp">
      <Filter>Header Files</Filter>
    </ClInclude>
    <ClInclude Include="core\features\skins.hpp">
      <Filter>Header Files</Filter>
    </ClInclude>
    <ClInclude Include="core\features\visuals\esp.hpp">
      <Filter>Header Files</Filter>
    </ClInclude>
    <ClInclude Include="core\features\visuals\glow.hpp">
      <Filter>Header Files</Filter>
    </ClInclude>
    <ClInclude Include="core\features\legit.hpp">
      <Filter>Header Files</Filter>
    </ClInclude>
  </ItemGroup>
  <ItemGroup>
    <None Include="d3d9\Include\D3DX_DXGIFormatConvert.inl">
      <Filter>Header Files</Filter>
    </None>
    <None Include="d3d9\Include\d3dx9math.inl">
      <Filter>Header Files</Filter>
    </None>
    <None Include="d3d9\Include\D3DX10math.inl">
      <Filter>Header Files</Filter>
    </None>
    <None Include="d3d9\Include\xnamathconvert.inl">
      <Filter>Header Files</Filter>
    </None>
    <None Include="d3d9\Include\xnamathmatrix.inl">
      <Filter>Header Files</Filter>
    </None>
    <None Include="d3d9\Include\xnamathmisc.inl">
      <Filter>Header Files</Filter>
    </None>
    <None Include="d3d9\Include\xnamathvector.inl">
      <Filter>Header Files</Filter>
    </None>
  </ItemGroup>
  <ItemGroup>
    <Font Include="core\menu\imgui\fonts\Cousine-Regular.ttf" />
    <Font Include="core\menu\imgui\fonts\DroidSans.ttf" />
    <Font Include="core\menu\imgui\fonts\Karla-Regular.ttf" />
    <Font Include="core\menu\imgui\fonts\ProggyClean.ttf" />
    <Font Include="core\menu\imgui\fonts\ProggyTiny.ttf" />
    <Font Include="core\menu\imgui\fonts\Roboto-Medium.ttf" />
  </ItemGroup>
</Project>